# This file was autogenerated by Stack.
# You should not edit this file by hand.
# For more information, please see the documentation at:
#   https://docs.haskellstack.org/en/stable/lock_files

packages: []
snapshots:
- completed:
    size: 494116
    url: https://raw.githubusercontent.com/commercialhaskell/stackage-snapshots/master/lts/13/3.yaml
    sha256: d9b0ca796c677a8fd429009d09afc6c9efe260b8789c264ce11641e3e727466f
  original: lts-13.3
